# THIS IS AN AUTOGENERATED FILE. DO NOT EDIT THIS FILE DIRECTLY.
# yarn lockfile v1


async@^1.5.2:
  version "1.5.2"
  resolved "https://registry.yarnpkg.com/async/-/async-1.5.2.tgz#ec6a61ae56480c0c3cb241c95618e20892f9672a"

block-stream2@^1.0.0:
  version "1.1.0"
  resolved "https://registry.yarnpkg.com/block-stream2/-/block-stream2-1.1.0.tgz#c738e3a91ba977ebb5e1fef431e13ca11d8639e2"
  dependencies:
    defined "^1.0.0"
    inherits "^2.0.1"
    readable-stream "^2.0.4"

buffer-from@^1.0.0:
  version "1.0.0"
  resolved "https://registry.yarnpkg.com/buffer-from/-/buffer-from-1.0.0.tgz#4cb8832d23612589b0406e9e2956c17f06fdf531"

concat-stream@^1.4.8:
  version "1.6.2"
  resolved "https://registry.yarnpkg.com/concat-stream/-/concat-stream-1.6.2.tgz#904bdf194cd3122fc675c77fc4ac3d4ff0fd1a34"
  dependencies:
    buffer-from "^1.0.0"
    inherits "^2.0.3"
    readable-stream "^2.2.2"
    typedarray "^0.0.6"

core-util-is@~1.0.0:
  version "1.0.2"
  resolved "https://registry.yarnpkg.com/core-util-is/-/core-util-is-1.0.2.tgz#b5fd54220aa2bc5ab57aab7140c940754503c1a7"

defined@^1.0.0:
  version "1.0.0"
  resolved "https://registry.yarnpkg.com/defined/-/defined-1.0.0.tgz#c98d9bcef75674188e110969151199e39b1fa693"

es6-error@^2.0.2:
  version "2.1.1"
  resolved "https://registry.yarnpkg.com/es6-error/-/es6-error-2.1.1.tgz#91384301ec5ed1c9a7247d1128247216f03547cd"

inherits@^2.0.1, inherits@^2.0.3, inherits@~2.0.1, inherits@~2.0.3:
  version "2.0.3"
  resolved "https://registry.yarnpkg.com/inherits/-/inherits-2.0.3.tgz#633c2c83e3da42a502f52466022480f4208261de"

isarray@0.0.1:
  version "0.0.1"
  resolved "https://registry.yarnpkg.com/isarray/-/isarray-0.0.1.tgz#8a18acfca9a8f4177e09abfc6038939b05d1eedf"

isarray@~1.0.0:
  version "1.0.0"
  resolved "https://registry.yarnpkg.com/isarray/-/isarray-1.0.0.tgz#bb935d48582cba168c06834957a54a3e07124f11"

json-stream@^1.0.0:
  version "1.0.0"
  resolved "https://registry.yarnpkg.com/json-stream/-/json-stream-1.0.0.tgz#1a3854e28d2bbeeab31cc7ddf683d2ddc5652708"

lodash@^4.14.2:
  version "4.17.10"
  resolved "https://registry.yarnpkg.com/lodash/-/lodash-4.17.10.tgz#1b7793cf7259ea38fb3661d4d38b3260af8ae4e7"

mime-db@~1.33.0:
  version "1.33.0"
  resolved "https://registry.yarnpkg.com/mime-db/-/mime-db-1.33.0.tgz#a3492050a5cb9b63450541e39d9788d2272783db"

mime-types@^2.1.14:
  version "2.1.18"
  resolved "https://registry.yarnpkg.com/mime-types/-/mime-types-2.1.18.tgz#6f323f60a83d11146f831ff11fd66e2fe5503bb8"
  dependencies:
    mime-db "~1.33.0"

minimist@0.0.8:
  version "0.0.8"
  resolved "https://registry.yarnpkg.com/minimist/-/minimist-0.0.8.tgz#857fcabfc3397d2625b8228262e86aa7a011b05d"

minio@^5.0.2:
  version "5.0.2"
  resolved "https://registry.yarnpkg.com/minio/-/minio-5.0.2.tgz#5b18b54464a2b282387391e2bdca642fce6aa7c3"
  dependencies:
    async "^1.5.2"
    block-stream2 "^1.0.0"
    concat-stream "^1.4.8"
    es6-error "^2.0.2"
    json-stream "^1.0.0"
    lodash "^4.14.2"
    mime-types "^2.1.14"
    mkdirp "^0.5.1"
    querystring "0.2.0"
    source-map-support "^0.4.12"
    through2 "^0.6.5"
    uuid "^3.1.0"
    xml "^1.0.0"
    xml2js "^0.4.15"

mkdirp@^0.5.1:
  version "0.5.1"
  resolved "https://registry.yarnpkg.com/mkdirp/-/mkdirp-0.5.1.tgz#30057438eac6cf7f8c4767f38648d6697d75c903"
  dependencies:
    minimist "0.0.8"

process-nextick-args@~2.0.0:
  version "2.0.0"
  resolved "https://registry.yarnpkg.com/process-nextick-args/-/process-nextick-args-2.0.0.tgz#a37d732f4271b4ab1ad070d35508e8290788ffaa"

querystring@0.2.0:
  version "0.2.0"
  resolved "https://registry.yarnpkg.com/querystring/-/querystring-0.2.0.tgz#b209849203bb25df820da756e747005878521620"

"readable-stream@>=1.0.33-1 <1.1.0-0":
  version "1.0.34"
  resolved "https://registry.yarnpkg.com/readable-stream/-/readable-stream-1.0.34.tgz#125820e34bc842d2f2aaafafe4c2916ee32c157c"
  dependencies:
    core-util-is "~1.0.0"
    inherits "~2.0.1"
    isarray "0.0.1"
    string_decoder "~0.10.x"

readable-stream@^2.0.4, readable-stream@^2.2.2:
  version "2.3.6"
  resolved "https://registry.yarnpkg.com/readable-stream/-/readable-stream-2.3.6.tgz#b11c27d88b8ff1fbe070643cf94b0c79ae1b0aaf"
  dependencies:
    core-util-is "~1.0.0"
    inherits "~2.0.3"
    isarray "~1.0.0"
    process-nextick-args "~2.0.0"
    safe-buffer "~5.1.1"
    string_decoder "~1.1.1"
    util-deprecate "~1.0.1"

safe-buffer@~5.1.0, safe-buffer@~5.1.1:
  version "5.1.2"
  resolved "https://registry.yarnpkg.com/safe-buffer/-/safe-buffer-5.1.2.tgz#991ec69d296e0313747d59bdfd2b745c35f8828d"

sax@>=0.6.0:
  version "1.2.4"
  resolved "https://registry.yarnpkg.com/sax/-/sax-1.2.4.tgz#2816234e2378bddc4e5354fab5caa895df7100d9"

source-map-support@^0.4.12:
  version "0.4.18"
  resolved "https://registry.yarnpkg.com/source-map-support/-/source-map-support-0.4.18.tgz#0286a6de8be42641338594e97ccea75f0a2c585f"
  dependencies:
    source-map "^0.5.6"

source-map@^0.5.6:
  version "0.5.7"
  resolved "https://registry.yarnpkg.com/source-map/-/source-map-0.5.7.tgz#8a039d2d1021d22d1ea14c80d8ea468ba2ef3fcc"

string_decoder@~0.10.x:
  version "0.10.31"
  resolved "https://registry.yarnpkg.com/string_decoder/-/string_decoder-0.10.31.tgz#62e203bc41766c6c28c9fc84301dab1c5310fa94"

string_decoder@~1.1.1:
  version "1.1.1"
  resolved "https://registry.yarnpkg.com/string_decoder/-/string_decoder-1.1.1.tgz#9cf1611ba62685d7030ae9e4ba34149c3af03fc8"
  dependencies:
    safe-buffer "~5.1.0"

through2@^0.6.5:
  version "0.6.5"
  resolved "https://registry.yarnpkg.com/through2/-/through2-0.6.5.tgz#41ab9c67b29d57209071410e1d7a7a968cd3ad48"
  dependencies:
    readable-stream ">=1.0.33-1 <1.1.0-0"
    xtend ">=4.0.0 <4.1.0-0"

typedarray@^0.0.6:
  version "0.0.6"
  resolved "https://registry.yarnpkg.com/typedarray/-/typedarray-0.0.6.tgz#867ac74e3864187b1d3d47d996a78ec5c8830777"

util-deprecate@~1.0.1:
  version "1.0.2"
  resolved "https://registry.yarnpkg.com/util-deprecate/-/util-deprecate-1.0.2.tgz#450d4dc9fa70de732762fbd2d4a28981419a0ccf"

uuid@^3.1.0:
  version "3.2.1"
  resolved "https://registry.yarnpkg.com/uuid/-/uuid-3.2.1.tgz#12c528bb9d58d0b9265d9a2f6f0fe8be17ff1f14"

xml2js@^0.4.15:
  version "0.4.19"
  resolved "https://registry.yarnpkg.com/xml2js/-/xml2js-0.4.19.tgz#686c20f213209e94abf0d1bcf1efaa291c7827a7"
  dependencies:
    sax ">=0.6.0"
    xmlbuilder "~9.0.1"

xml@^1.0.0:
  version "1.0.1"
  resolved "https://registry.yarnpkg.com/xml/-/xml-1.0.1.tgz#78ba72020029c5bc87b8a81a3cfcd74b4a2fc1e5"

xmlbuilder@~9.0.1:
  version "9.0.7"
  resolved "https://registry.yarnpkg.com/xmlbuilder/-/xmlbuilder-9.0.7.tgz#132ee63d2ec5565c557e20f4c22df9aca686b10d"

"xtend@>=4.0.0 <4.1.0-0":
  version "4.0.1"
  resolved "https://registry.yarnpkg.com/xtend/-/xtend-4.0.1.tgz#a5c6d532be656e23db820efb943a1f04998d63af"
